// !$*UTF8*$!
{
	archiveVersion = 1;
	classes = {
	};
	objectVersion = 48;
	objects = {

/* Begin PBXBuildFile section */
		65982F61204BC1370032C520 /* AppDelegate.swift in Sources */ = {isa = PBXBuildFile; fileRef = 65982F60204BC1370032C520 /* AppDelegate.swift */; };
		65982F63204BC1370032C520 /* ViewController.swift in Sources */ = {isa = PBXBuildFile; fileRef = 65982F62204BC1370032C520 /* ViewController.swift */; };
		65982F66204BC1370032C520 /* Main.storyboard in Resources */ = {isa = PBXBuildFile; fileRef = 65982F64204BC1370032C520 /* Main.storyboard */; };
		65982F69204BC1370032C520 /* GPA_Calculator.xcdatamodeld in Sources */ = {isa = PBXBuildFile; fileRef = 65982F67204BC1370032C520 /* GPA_Calculator.xcdatamodeld */; };
		65982F6B204BC1370032C520 /* Assets.xcassets in Resources */ = {isa = PBXBuildFile; fileRef = 65982F6A204BC1370032C520 /* Assets.xcassets */; };
		65982F6E204BC1370032C520 /* LaunchScreen.storyboard in Resources */ = {isa = PBXBuildFile; fileRef = 65982F6C204BC1370032C520 /* LaunchScreen.storyboard */; };
		65982F7A204BC1E70032C520 /* GPACalculator.swift in Sources */ = {isa = PBXBuildFile; fileRef = 65982F79204BC1E70032C520 /* GPACalculator.swift */; };
/* End PBXBuildFile section */

/* Begin PBXFileReference section */
		65982F5D204BC1370032C520 /* GPA Calculator.app */ = {isa = PBXFileReference; explicitFileType = wrapper.application; includeInIndex = 0; path = "GPA Calculator.app"; sourceTree = BUILT_PRODUCTS_DIR; };
		65982F60204BC1370032C520 /* AppDelegate.swift */ = {isa = PBXFileReference; lastKnownFileType = sourcecode.swift; path = AppDelegate.swift; sourceTree = "<group>"; };
		65982F62204BC1370032C520 /* ViewController.swift */ = {isa = PBXFileReference; lastKnownFileType = sourcecode.swift; path = ViewController.swift; sourceTree = "<group>"; };
		65982F65204BC1370032C520 /* Base */ = {isa = PBXFileReference; lastKnownFileType = file.storyboard; name = Base; path = Base.lproj/Main.storyboard; sourceTree = "<group>"; };
		65982F68204BC1370032C520 /* GPA_Calculator.xcdatamodel */ = {isa = PBXFileReference; lastKnownFileType = wrapper.xcdatamodel; path = GPA_Calculator.xcdatamodel; sourceTree = "<group>"; };
		65982F6A204BC1370032C520 /* Assets.xcassets */ = {isa = PBXFileReference; lastKnownFileType = folder.assetcatalog; path = Assets.xcassets; sourceTree = "<group>"; };
		65982F6D204BC1370032C520 /* Base */ = {isa = PBXFileReference; lastKnownFileType = file.storyboard; name = Base; path = Base.lproj/LaunchScreen.storyboard; sourceTree = "<group>"; };
		65982F6F204BC1370032C520 /* Info.plist */ = {isa = PBXFileReference; lastKnownFileType = text.plist.xml; path = Info.plist; sourceTree = "<group>"; };
		65982F79204BC1E70032C520 /* GPACalculator.swift */ = {isa = PBXFileReference; lastKnownFileType = sourcecode.swift; path = GPACalculator.swift; sourceTree = "<group>"; };
/* End PBXFileReference section */

/* Begin PBXFrameworksBuildPhase section */
		65982F5A204BC1370032C520 /* Frameworks */ = {
			isa = PBXFrameworksBuildPhase;
			buildActionMask = 2147483647;
			files = (
			);
			runOnlyForDeploymentPostprocessing = 0;
		};
/* End PBXFrameworksBuildPhase section */

/* Begin PBXGroup section */
		65982F54204BC1370032C520 = {
			isa = PBXGroup;
			children = (
				65982F5F204BC1370032C520 /* GPA Calculator */,
				65982F5E204BC1370032C520 /* Products */,
			);
			sourceTree = "<group>";
		};
		65982F5E204BC1370032C520 /* Products */ = {
			isa = PBXGroup;
			children = (
				65982F5D204BC1370032C520 /* GPA Calculator.app */,
			);
			name = Products;
			sourceTree = "<group>";
		};
		65982F5F204BC1370032C520 /* GPA Calculator */ = {
			isa = PBXGroup;
			children = (
				65982F79204BC1E70032C520 /* GPACalculator.swift */,
				65982F60204BC1370032C520 /* AppDelegate.swift */,
				65982F62204BC1370032C520 /* ViewController.swift */,
				65982F64204BC1370032C520 /* Main.storyboard */,
				65982F6A204BC1370032C520 /* Assets.xcassets */,
				65982F6C204BC1370032C520 /* LaunchScreen.storyboard */,
				65982F6F204BC1370032C520 /* Info.plist */,
				65982F67204BC1370032C520 /* GPA_Calculator.xcdatamodeld */,
			);
			path = "GPA Calculator";
			sourceTree = "<group>";
		};
/* End PBXGroup section */

/* Begin PBXNativeTarget section */
		65982F5C204BC1370032C520 /* GPA Calculator */ = {
			isa = PBXNativeTarget;
			buildConfigurationList = 65982F72204BC1370032C520 /* Build configuration list for PBXNativeTarget "GPA Calculator" */;
			buildPhases = (
				65982F59204BC1370032C520 /* Sources */,
				65982F5A204BC1370032C520 /* Frameworks */,
				65982F5B204BC1370032C520 /* Resources */,
			);
			buildRules = (
			);
			dependencies = (
			);
			name = "GPA Calculator";
			productName = "GPA Calculator";
			productReference = 65982F5D204BC1370032C520 /* GPA Calculator.app */;
			productType = "com.apple.product-type.application";
		};
/* End PBXNativeTarget section */

/* Begin PBXProject section */
		65982F55204BC1370032C520 /* Project object */ = {
			isa = PBXProject;
			attributes = {
				LastSwiftUpdateCheck = 0920;
				LastUpgradeCheck = 0920;
				ORGANIZATIONNAME = "National Taiwan University";
				TargetAttributes = {
					65982F5C204BC1370032C520 = {
						CreatedOnToolsVersion = 9.2;
						ProvisioningStyle = Automatic;
					};
				};
			};
			buildConfigurationList = 65982F58204BC1370032C520 /* Build configuration list for PBXProject "GPA Calculator" */;
			compatibilityVersion = "Xcode 8.0";
			developmentRegion = en;
			hasScannedForEncodings = 0;
			knownRegions = (
				en,
				Base,
			);
			mainGroup = 65982F54204BC1370032C520;
			productRefGroup = 65982F5E204BC1370032C520 /* Products */;
			projectDirPath = "";
			projectRoot = "";
			targets = (
				65982F5C204BC1370032C520 /* GPA Calculator */,
			);
		};
/* End PBXProject section */

/* Begin PBXResourcesBuildPhase section */
		65982F5B204BC1370032C520 /* Resources */ = {
			isa = PBXResourcesBuildPhase;
			buildActionMask = 2147483647;
			files = (
				65982F6E204BC1370032C520 /* LaunchScreen.storyboard in Resources */,
				65982F6B204BC1370032C520 /* Assets.xcassets in Resources */,
				65982F66204BC1370032C520 /* Main.storyboard in Resources */,
			);
			runOnlyForDeploymentPostprocessing = 0;
		};
/* End PBXResourcesBuildPhase section */

/* Begin PBXSourcesBuildPhase section */
		65982F59204BC1370032C520 /* Sources */ = {
			isa = PBXSourcesBuildPhase;
			buildActionMask = 2147483647;
			files = (
				65982F7A204BC1E70032C520 /* GPACalculator.swift in Sources */,
				65982F63204BC1370032C520 /* ViewController.swift in Sources */,
				65982F61204BC1370032C520 /* AppDelegate.swift in Sources */,
				65982F69204BC1370032C520 /* GPA_Calculator.xcdatamodeld in Sources */,
			);
			runOnlyForDeploymentPostprocessing = 0;
		};
/* End PBXSourcesBuildPhase section */

/* Begin PBXVariantGroup section */
		65982F64204BC1370032C520 /* Main.storyboard */ = {
			isa = PBXVariantGroup;
			children = (
				65982F65204BC1370032C520 /* Base */,
			);
			name = Main.storyboard;
			sourceTree = "<group>";
		};
		65982F6C204BC1370032C520 /* LaunchScreen.storyboard */ = {
			isa = PBXVariantGroup;
			children = (
				65982F6D204BC1370032C520 /* Base */,
			);
			name = LaunchScreen.storyboard;
			sourceTree = "<group>";
		};
/* End PBXVariantGroup section */

/* Begin XCBuildConfiguration section */
		65982F70204BC1370032C520 /* Debug */ = {
			isa = XCBuildConfiguration;
			buildSettings = {
				ALWAYS_SEARCH_USER_PATHS = NO;
				CLANG_ANALYZER_NONNULL = YES;
				CLANG_ANALYZER_NUMBER_OBJECT_CONVERSION = YES_AGGRESSIVE;
				CLANG_CXX_LANGUAGE_STANDARD = "gnu++14";
				CLANG_CXX_LIBRARY = "libc++";
				CLANG_ENABLE_MODULES = YES;
				CLANG_ENABLE_OBJC_ARC = YES;
				CLANG_WARN_BLOCK_CAPTURE_AUTORELEASING = YES;
				CLANG_WARN_BOOL_CONVERSION = YES;
				CLANG_WARN_COMMA = YES;
				CLANG_WARN_CONSTANT_CONVERSION = YES;
				CLANG_WARN_DIRECT_OBJC_ISA_USAGE = YES_ERROR;
				CLANG_WARN_DOCUMENTATION_COMMENTS = YES;
				CLANG_WARN_EMPTY_BODY = YES;
				CLANG_WARN_ENUM_CONVERSION = YES;
				CLANG_WARN_INFINITE_RECURSION = YES;
				CLANG_WARN_INT_CONVERSION = YES;
				CLANG_WARN_NON_LITERAL_NULL_CONVERSION = YES;
				CLANG_WARN_OBJC_LITERAL_CONVERSION = YES;
				CLANG_WARN_OBJC_ROOT_CLASS = YES_ERROR;
				CLANG_WARN_RANGE_LOOP_ANALYSIS = YES;
				CLANG_WARN_STRICT_PROTOTYPES = YES;
				CLANG_WARN_SUSPICIOUS_MOVE = YES;
				CLANG_WARN_UNGUARDED_AVAILABILITY = YES_AGGRESSIVE;
				CLANG_WARN_UNREACHABLE_CODE = YES;
				CLANG_WARN__DUPLICATE_METHOD_MATCH = YES;
				CODE_SIGN_IDENTITY = "iPhone Developer";
				COPY_PHASE_STRIP = NO;
				DEBUG_INFORMATION_FORMAT = dwarf;
				ENABLE_STRICT_OBJC_MSGSEND = YES;
				ENABLE_TESTABILITY = YES;
				GCC_C_LANGUAGE_STANDARD = gnu11;
				GCC_DYNAMIC_NO_PIC = NO;
				GCC_NO_COMMON_BLOCKS = YES;
				GCC_OPTIMIZATION_LEVEL = 0;
				GCC_PREPROCESSOR_DEFINITIONS = (
					"DEBUG=1",
					"$(inherited)",
				);
				GCC_WARN_64_TO_32_BIT_CONVERSION = YES;
				GCC_WARN_ABOUT_RETURN_TYPE = YES_ERROR;
				GCC_WARN_UNDECLARED_SELECTOR = YES;
				GCC_WARN_UNINITIALIZED_AUTOS = YES_AGGRESSIVE;
				GCC_WARN_UNUSED_FUNCTION = YES;
				GCC_WARN_UNUSED_VARIABLE = YES;
				IPHONEOS_DEPLOYMENT_TARGET = 11.2;
				MTL_ENABLE_DEBUG_INFO = YES;
				ONLY_ACTIVE_ARCH = YES;
				SDKROOT = iphoneos;
				SWIFT_ACTIVE_COMPILATION_CONDITIONS = DEBUG;
				SWIFT_OPTIMIZATION_LEVEL = "-Onone";
			};
			name = Debug;
		};
		65982F71204BC1370032C520 /* Release */ = {
			isa = XCBuildConfiguration;
			buildSettings = {
				ALWAYS_SEARCH_USER_PATHS = NO;
				CLANG_ANALYZER_NONNULL = YES;
				CLANG_ANALYZER_NUMBER_OBJECT_CONVERSION = YES_AGGRESSIVE;
				CLANG_CXX_LANGUAGE_STANDARD = "gnu++14";
				CLANG_CXX_LIBRARY = "libc++";
				CLANG_ENABLE_MODULES = YES;
				CLANG_ENABLE_OBJC_ARC = YES;
				CLANG_WARN_BLOCK_CAPTURE_AUTORELEASING = YES;
				CLANG_WARN_BOOL_CONVERSION = YES;
				CLANG_WARN_COMMA = YES;
				CLANG_WARN_CONSTANT_CONVERSION = YES;
				CLANG_WARN_DIRECT_OBJC_ISA_USAGE = YES_ERROR;
				CLANG_WARN_DOCUMENTATION_COMMENTS = YES;
				CLANG_WARN_EMPTY_BODY = YES;
				CLANG_WARN_ENUM_CONVERSION = YES;
				CLANG_WARN_INFINITE_RECURSION = YES;
				CLANG_WARN_INT_CONVERSION = YES;
				CLANG_WARN_NON_LITERAL_NULL_CONVERSION = YES;
				CLANG_WARN_OBJC_LITERAL_CONVERSION = YES;
				CLANG_WARN_OBJC_ROOT_CLASS = YES_ERROR;
				CLANG_WARN_RANGE_LOOP_ANALYSIS = YES;
				CLANG_WARN_STRICT_PROTOTYPES = YES;
				CLANG_WARN_SUSPICIOUS_MOVE = YES;
				CLANG_WARN_UNGUARDED_AVAILABILITY = YES_AGGRESSIVE;
				CLANG_WARN_UNREACHABLE_CODE = YES;
				CLANG_WARN__DUPLICATE_METHOD_MATCH = YES;
				CODE_SIGN_IDENTITY = "iPhone Developer";
				COPY_PHASE_STRIP = NO;
				DEBUG_INFORMATION_FORMAT = "dwarf-with-dsym";
				ENABLE_NS_ASSERTIONS = NO;
				ENABLE_STRICT_OBJC_MSGSEND = YES;
				GCC_C_LANGUAGE_STANDARD = gnu11;
				GCC_NO_COMMON_BLOCKS = YES;
				GCC_WARN_64_TO_32_BIT_CONVERSION = YES;
				GCC_WARN_ABOUT_RETURN_TYPE = YES_ERROR;
				GCC_WARN_UNDECLARED_SELECTOR = YES;
				GCC_WARN_UNINITIALIZED_AUTOS = YES_AGGRESSIVE;
				GCC_WARN_UNUSED_FUNCTION = YES;
				GCC_WARN_UNUSED_VARIABLE = YES;
				IPHONEOS_DEPLOYMENT_TARGET = 11.2;
				MTL_ENABLE_DEBUG_INFO = NO;
				SDKROOT = iphoneos;
				SWIFT_OPTIMIZATION_LEVEL = "-Owholemodule";
				VALIDATE_PRODUCT = YES;
			};
			name = Release;
		};
		65982F73204BC1370032C520 /* Debug */ = {
			isa = XCBuildConfiguration;
			buildSettings = {
				ASSETCATALOG_COMPILER_APPICON_NAME = AppIcon;
				CODE_SIGN_STYLE = Automatic;
				DEVELOPMENT_TEAM = U3JF64W699;
				INFOPLIST_FILE = "GPA Calculator/Info.plist";
				LD_RUNPATH_SEARCH_PATHS = "$(inherited) @executable_path/Frameworks";
				PRODUCT_BUNDLE_IDENTIFIER = "edu.ntu.b05202010.GPA-Calculator";
				PRODUCT_NAME = "$(TARGET_NAME)";
				SWIFT_VERSION = 4.0;
				TARGETED_DEVICE_FAMILY = "1,2";
			};
			name = Debug;
		};
		65982F74204BC1370032C520 /* Release */ = {
			isa = XCBuildConfiguration;
			buildSettings = {
				ASSETCATALOG_COMPILER_APPICON_NAME = AppIcon;
				CODE_SIGN_STYLE = Automatic;
				DEVELOPMENT_TEAM = U3JF64W699;
				INFOPLIST_FILE = "GPA Calculator/Info.plist";
				LD_RUNPATH_SEARCH_PATHS = "$(inherited) @executable_path/Frameworks";
				PRODUCT_BUNDLE_IDENTIFIER = "edu.ntu.b05202010.GPA-Calculator";
				PRODUCT_NAME = "$(TARGET_NAME)";
				SWIFT_VERSION = 4.0;
				TARGETED_DEVICE_FAMILY = "1,2";
			};
			name = Release;
		};
/* End XCBuildConfiguration section */

/* Begin XCConfigurationList section */
		65982F58204BC1370032C520 /* Build configuration list for PBXProject "GPA Calculator" */ = {
			isa = XCConfigurationList;
			buildConfigurations = (
				65982F70204BC1370032C520 /* Debug */,
				65982F71204BC1370032C520 /* Release */,
			);
			defaultConfigurationIsVisible = 0;
			defaultConfigurationName = Release;
		};
		65982F72204BC1370032C520 /* Build configuration list for PBXNativeTarget "GPA Calculator" */ = {
			isa = XCConfigurationList;
			buildConfigurations = (
				65982F73204BC1370032C520 /* Debug */,
				65982F74204BC1370032C520 /* Release */,
			);
			defaultConfigurationIsVisible = 0;
			defaultConfigurationName = Release;
		};
/* End XCConfigurationList section */

/* Begin XCVersionGroup section */
		65982F67204BC1370032C520 /* GPA_Calculator.xcdatamodeld */ = {
			isa = XCVersionGroup;
			children = (
				65982F68204BC1370032C520 /* GPA_Calculator.xcdatamodel */,
			);
			currentVersion = 65982F68204BC1370032C520 /* GPA_Calculator.xcdatamodel */;
			path = GPA_Calculator.xcdatamodeld;
			sourceTree = "<group>";
			versionGroupType = wrapper.xcdatamodel;
		};
/* End XCVersionGroup section */
	};
	rootObject = 65982F55204BC1370032C520 /* Project object */;
}
